Microsoft Visual Studio Solution File, Format Version 12.00
# Visual Studio 15
VisualStudioVersion = 15.0.25807.0
MinimumVisualStudioVersion = 10.0.40219.1
Project("{2150E333-8FDC-42A3-9474-1A3956D46DE8}") = "Engine", "Engine", "{1049F834-60BC-4380-916D-70088F738B45}"
EndProject
Project("{2150E333-8FDC-42A3-9474-1A3956D46DE8}") = "Enterprise", "Enterprise", "{D21F4FF8-E973-4BAE-A8A3-923EFFFA277D}"
EndProject
Project("{2150E333-8FDC-42A3-9474-1A3956D46DE8}") = "Games", "Games", "{04E8F8AD-1B73-4459-AC58-C430DFBF9CE7}"
EndProject
Project("{8BC9CEB8-8B4A-11D0-8D11-00A0C91BC942}") = "CppFirstPersonFps", "Intermediate\ProjectFiles\CppFirstPersonFps.vcxproj", "{2981CC4D-DEE0-48E5-94A0-4BBAD1651380}"
EndProject
Project("{8BC9CEB8-8B4A-11D0-8D11-00A0C91BC942}") = "UE4", "Intermediate\ProjectFiles\UE4.vcxproj", "{9D6E947A-9146-4003-B085-AFC509CAB609}"
EndProject
Project("{8BC9CEB8-8B4A-11D0-8D11-00A0C91BC942}") = "Studio", "Intermediate\ProjectFiles\Studio.vcxproj", "{0CC957F0-0041-4370-BC44-CD162932E5D7}"
EndProject
Project("{2150E333-8FDC-42A3-9474-1A3956D46DE8}") = "Visualizers", "Visualizers", "{7368C7C9-177D-43E9-87CF-DA57B2B8D62E}"
	ProjectSection(SolutionItems) = preProject
		..\..\UE4\UE_4.21\Engine\Extras\VisualStudioDebugging\UE4.natvis = ..\..\UE4\UE_4.21\Engine\Extras\VisualStudioDebugging\UE4.natvis
	EndProjectSection
EndProject
Global
	GlobalSection(SolutionConfigurationPlatforms) = preSolution
		DebugGame Editor|Android = DebugGame Editor|Android
		DebugGame Editor|HTML5 = DebugGame Editor|HTML5
		DebugGame Editor|Win32 = DebugGame Editor|Win32
		DebugGame Editor|Win64 = DebugGame Editor|Win64
		DebugGame|Android = DebugGame|Android
		DebugGame|HTML5 = DebugGame|HTML5
		DebugGame|Win32 = DebugGame|Win32
		DebugGame|Win64 = DebugGame|Win64
		Development Editor|Android = Development Editor|Android
		Development Editor|HTML5 = Development Editor|HTML5
		Development Editor|Win32 = Development Editor|Win32
		Development Editor|Win64 = Development Editor|Win64
		Development|Android = Development|Android
		Development|HTML5 = Development|HTML5
		Development|Win32 = Development|Win32
		Development|Win64 = Development|Win64
		Shipping|Android = Shipping|Android
		Shipping|HTML5 = Shipping|HTML5
		Shipping|Win32 = Shipping|Win32
		Shipping|Win64 = Shipping|Win64
	EndGlobalSection
	GlobalSection(ProjectConfigurationPlatforms) = postSolution
		{2981CC4D-DEE0-48E5-94A0-4BBAD1651380}.DebugGame Editor|Android.ActiveCfg = Invalid|Win32
		{2981CC4D-DEE0-48E5-94A0-4BBAD1651380}.DebugGame Editor|HTML5.ActiveCfg = Invalid|Win32
		{2981CC4D-DEE0-48E5-94A0-4BBAD1651380}.DebugGame Editor|Win32.ActiveCfg = Invalid|Win32
		{2981CC4D-DEE0-48E5-94A0-4BBAD1651380}.DebugGame Editor|Win64.ActiveCfg = DebugGame_Editor|x64
		{2981CC4D-DEE0-48E5-94A0-4BBAD1651380}.DebugGame Editor|Win64.Build.0 = DebugGame_Editor|x64
		{2981CC4D-DEE0-48E5-94A0-4BBAD1651380}.DebugGame|Android.ActiveCfg = Android_DebugGame|Win32
		{2981CC4D-DEE0-48E5-94A0-4BBAD1651380}.DebugGame|Android.Build.0 = Android_DebugGame|Win32
		{2981CC4D-DEE0-48E5-94A0-4BBAD1651380}.DebugGame|HTML5.ActiveCfg = HTML5_DebugGame|Win32
		{2981CC4D-DEE0-48E5-94A0-4BBAD1651380}.DebugGame|HTML5.Build.0 = HTML5_DebugGame|Win32
		{2981CC4D-DEE0-48E5-94A0-4BBAD1651380}.DebugGame|Win32.ActiveCfg = DebugGame|Win32
		{2981CC4D-DEE0-48E5-94A0-4BBAD1651380}.DebugGame|Win32.Build.0 = DebugGame|Win32
		{2981CC4D-DEE0-48E5-94A0-4BBAD1651380}.DebugGame|Win64.ActiveCfg = DebugGame|x64
		{2981CC4D-DEE0-48E5-94A0-4BBAD1651380}.DebugGame|Win64.Build.0 = DebugGame|x64
		{2981CC4D-DEE0-48E5-94A0-4BBAD1651380}.Development Editor|Android.ActiveCfg = Invalid|Win32
		{2981CC4D-DEE0-48E5-94A0-4BBAD1651380}.Development Editor|HTML5.ActiveCfg = Invalid|Win32
		{2981CC4D-DEE0-48E5-94A0-4BBAD1651380}.Development Editor|Win32.ActiveCfg = Invalid|Win32
		{2981CC4D-DEE0-48E5-94A0-4BBAD1651380}.Development Editor|Win64.ActiveCfg = Development_Editor|x64
		{2981CC4D-DEE0-48E5-94A0-4BBAD1651380}.Development Editor|Win64.Build.0 = Development_Editor|x64
		{2981CC4D-DEE0-48E5-94A0-4BBAD1651380}.Development|Android.ActiveCfg = Android_Development|Win32
		{2981CC4D-DEE0-48E5-94A0-4BBAD1651380}.Development|Android.Build.0 = Android_Development|Win32
		{2981CC4D-DEE0-48E5-94A0-4BBAD1651380}.Development|HTML5.ActiveCfg = HTML5_Development|Win32
		{2981CC4D-DEE0-48E5-94A0-4BBAD1651380}.Development|HTML5.Build.0 = HTML5_Development|Win32
		{2981CC4D-DEE0-48E5-94A0-4BBAD1651380}.Development|Win32.ActiveCfg = Development|Win32
		{2981CC4D-DEE0-48E5-94A0-4BBAD1651380}.Development|Win32.Build.0 = Development|Win32
		{2981CC4D-DEE0-48E5-94A0-4BBAD1651380}.Development|Win64.ActiveCfg = Development|x64
		{2981CC4D-DEE0-48E5-94A0-4BBAD1651380}.Development|Win64.Build.0 = Development|x64
		{2981CC4D-DEE0-48E5-94A0-4BBAD1651380}.Shipping|Android.ActiveCfg = Android_Shipping|Win32
		{2981CC4D-DEE0-48E5-94A0-4BBAD1651380}.Shipping|Android.Build.0 = Android_Shipping|Win32
		{2981CC4D-DEE0-48E5-94A0-4BBAD1651380}.Shipping|HTML5.ActiveCfg = HTML5_Shipping|Win32
		{2981CC4D-DEE0-48E5-94A0-4BBAD1651380}.Shipping|HTML5.Build.0 = HTML5_Shipping|Win32
		{2981CC4D-DEE0-48E5-94A0-4BBAD1651380}.Shipping|Win32.ActiveCfg = Shipping|Win32
		{2981CC4D-DEE0-48E5-94A0-4BBAD1651380}.Shipping|Win32.Build.0 = Shipping|Win32
		{2981CC4D-DEE0-48E5-94A0-4BBAD1651380}.Shipping|Win64.ActiveCfg = Shipping|x64
		{2981CC4D-DEE0-48E5-94A0-4BBAD1651380}.Shipping|Win64.Build.0 = Shipping|x64
		{9D6E947A-9146-4003-B085-AFC509CAB609}.DebugGame Editor|Android.ActiveCfg = BuiltWithUnrealBuildTool|Win32
		{9D6E947A-9146-4003-B085-AFC509CAB609}.DebugGame Editor|HTML5.ActiveCfg = BuiltWithUnrealBuildTool|Win32
		{9D6E947A-9146-4003-B085-AFC509CAB609}.DebugGame Editor|Win32.ActiveCfg = BuiltWithUnrealBuildTool|Win32
		{9D6E947A-9146-4003-B085-AFC509CAB609}.DebugGame Editor|Win64.ActiveCfg = BuiltWithUnrealBuildTool|Win32
		{9D6E947A-9146-4003-B085-AFC509CAB609}.DebugGame|Android.ActiveCfg = BuiltWithUnrealBuildTool|Win32
		{9D6E947A-9146-4003-B085-AFC509CAB609}.DebugGame|HTML5.ActiveCfg = BuiltWithUnrealBuildTool|Win32
		{9D6E947A-9146-4003-B085-AFC509CAB609}.DebugGame|Win32.ActiveCfg = BuiltWithUnrealBuildTool|Win32
		{9D6E947A-9146-4003-B085-AFC509CAB609}.DebugGame|Win64.ActiveCfg = BuiltWithUnrealBuildTool|Win32
		{9D6E947A-9146-4003-B085-AFC509CAB609}.Development Editor|Android.ActiveCfg = BuiltWithUnrealBuildTool|Win32
		{9D6E947A-9146-4003-B085-AFC509CAB609}.Development Editor|HTML5.ActiveCfg = BuiltWithUnrealBuildTool|Win32
		{9D6E947A-9146-4003-B085-AFC509CAB609}.Development Editor|Win32.ActiveCfg = BuiltWithUnrealBuildTool|Win32
		{9D6E947A-9146-4003-B085-AFC509CAB609}.Development Editor|Win64.ActiveCfg = BuiltWithUnrealBuildTool|Win32
		{9D6E947A-9146-4003-B085-AFC509CAB609}.Development|Android.ActiveCfg = BuiltWithUnrealBuildTool|Win32
		{9D6E947A-9146-4003-B085-AFC509CAB609}.Development|HTML5.ActiveCfg = BuiltWithUnrealBuildTool|Win32
		{9D6E947A-9146-4003-B085-AFC509CAB609}.Development|Win32.ActiveCfg = BuiltWithUnrealBuildTool|Win32
		{9D6E947A-9146-4003-B085-AFC509CAB609}.Development|Win64.ActiveCfg = BuiltWithUnrealBuildTool|Win32
		{9D6E947A-9146-4003-B085-AFC509CAB609}.Shipping|Android.ActiveCfg = BuiltWithUnrealBuildTool|Win32
		{9D6E947A-9146-4003-B085-AFC509CAB609}.Shipping|HTML5.ActiveCfg = BuiltWithUnrealBuildTool|Win32
		{9D6E947A-9146-4003-B085-AFC509CAB609}.Shipping|Win32.ActiveCfg = BuiltWithUnrealBuildTool|Win32
		{9D6E947A-9146-4003-B085-AFC509CAB609}.Shipping|Win64.ActiveCfg = BuiltWithUnrealBuildTool|Win32
		{0CC957F0-0041-4370-BC44-CD162932E5D7}.DebugGame Editor|Android.ActiveCfg = BuiltWithUnrealBuildTool|Win32
		{0CC957F0-0041-4370-BC44-CD162932E5D7}.DebugGame Editor|HTML5.ActiveCfg = BuiltWithUnrealBuildTool|Win32
		{0CC957F0-0041-4370-BC44-CD162932E5D7}.DebugGame Editor|Win32.ActiveCfg = BuiltWithUnrealBuildTool|Win32
		{0CC957F0-0041-4370-BC44-CD162932E5D7}.DebugGame Editor|Win64.ActiveCfg = BuiltWithUnrealBuildTool|Win32
		{0CC957F0-0041-4370-BC44-CD162932E5D7}.DebugGame|Android.ActiveCfg = BuiltWithUnrealBuildTool|Win32
		{0CC957F0-0041-4370-BC44-CD162932E5D7}.DebugGame|HTML5.ActiveCfg = BuiltWithUnrealBuildTool|Win32
		{0CC957F0-0041-4370-BC44-CD162932E5D7}.DebugGame|Win32.ActiveCfg = BuiltWithUnrealBuildTool|Win32
		{0CC957F0-0041-4370-BC44-CD162932E5D7}.DebugGame|Win64.ActiveCfg = BuiltWithUnrealBuildTool|Win32
		{0CC957F0-0041-4370-BC44-CD162932E5D7}.Development Editor|Android.ActiveCfg = BuiltWithUnrealBuildTool|Win32
		{0CC957F0-0041-4370-BC44-CD162932E5D7}.Development Editor|HTML5.ActiveCfg = BuiltWithUnrealBuildTool|Win32
		{0CC957F0-0041-4370-BC44-CD162932E5D7}.Development Editor|Win32.ActiveCfg = BuiltWithUnrealBuildTool|Win32
		{0CC957F0-0041-4370-BC44-CD162932E5D7}.Development Editor|Win64.ActiveCfg = BuiltWithUnrealBuildTool|Win32
		{0CC957F0-0041-4370-BC44-CD162932E5D7}.Development|Android.ActiveCfg = BuiltWithUnrealBuildTool|Win32
		{0CC957F0-0041-4370-BC44-CD162932E5D7}.Development|HTML5.ActiveCfg = BuiltWithUnrealBuildTool|Win32
		{0CC957F0-0041-4370-BC44-CD162932E5D7}.Development|Win32.ActiveCfg = BuiltWithUnrealBuildTool|Win32
		{0CC957F0-0041-4370-BC44-CD162932E5D7}.Development|Win64.ActiveCfg = BuiltWithUnrealBuildTool|Win32
		{0CC957F0-0041-4370-BC44-CD162932E5D7}.Shipping|Android.ActiveCfg = BuiltWithUnrealBuildTool|Win32
		{0CC957F0-0041-4370-BC44-CD162932E5D7}.Shipping|HTML5.ActiveCfg = BuiltWithUnrealBuildTool|Win32
		{0CC957F0-0041-4370-BC44-CD162932E5D7}.Shipping|Win32.ActiveCfg = BuiltWithUnrealBuildTool|Win32
		{0CC957F0-0041-4370-BC44-CD162932E5D7}.Shipping|Win64.ActiveCfg = BuiltWithUnrealBuildTool|Win32
	EndGlobalSection
	GlobalSection(SolutionProperties) = preSolution
		HideSolutionNode = FALSE
	EndGlobalSection
	GlobalSection(NestedProjects) = preSolution
		{9D6E947A-9146-4003-B085-AFC509CAB609} = {1049F834-60BC-4380-916D-70088F738B45}
		{0CC957F0-0041-4370-BC44-CD162932E5D7} = {D21F4FF8-E973-4BAE-A8A3-923EFFFA277D}
		{2981CC4D-DEE0-48E5-94A0-4BBAD1651380} = {04E8F8AD-1B73-4459-AC58-C430DFBF9CE7}
		{2981CC4D-DEE0-48E5-94A0-4BBAD1651380} = {04E8F8AD-1B73-4459-AC58-C430DFBF9CE7}
	EndGlobalSection
EndGlobal
